{
  "name": "enhanced-mapper",
  "version": "1.0.0",
  "lockfileVersion": 2,
  "requires": true,
  "packages": {
    "": {
      "name": "enhanced-mapper",
      "version": "1.0.0",
      "license": "ISC",
      "dependencies": {
        "@automapper/core": "^8.3.7",
        "@automapper/pojos": "^8.3.7",
        "@types/lodash": "^4.14.182",
        "@types/node": "^17.0.42",
        "lodash": "^4.17.21",
        "typescript": "^4.7.3"
      }
    },
    "node_modules/@automapper/core": {
      "version": "8.3.7",
      "resolved": "https://registry.npmjs.org/@automapper/core/-/core-8.3.7.tgz",
      "integrity": "sha512-JDlRBjGZn4elRYrzYHaycNeM2I6dL129ZSKrCJz5xS863wbAKf6TEyTdfSI0bAr3/7wqztpauAKaJH0hZ/ESOQ==",
      "engines": {
        "node": ">=14.0.0"
      }
    },
    "node_modules/@automapper/pojos": {
      "version": "8.3.7",
      "resolved": "https://registry.npmjs.org/@automapper/pojos/-/pojos-8.3.7.tgz",
      "integrity": "sha512-REJeB1Ovm1Fpj2Kf0eodehkOIfA4OpQWSM4EdSieshAx4sbpJOPr5EpyeTM6upGkcJ98N82D/AWAMi3jYSGu4g==",
      "engines": {
        "node": ">=14.0.0"
      }
    },
    "node_modules/@types/lodash": {
      "version": "4.14.182",
      "resolved": "https://registry.npmjs.org/@types/lodash/-/lodash-4.14.182.tgz",
      "integrity": "sha512-/THyiqyQAP9AfARo4pF+aCGcyiQ94tX/Is2I7HofNRqoYLgN1PBoOWu2/zTA5zMxzP5EFutMtWtGAFRKUe961Q=="
    },
    "node_modules/@types/node": {
      "version": "17.0.42",
      "resolved": "https://registry.npmjs.org/@types/node/-/node-17.0.42.tgz",
      "integrity": "sha512-Q5BPGyGKcvQgAMbsr7qEGN/kIPN6zZecYYABeTDBizOsau+2NMdSVTar9UQw21A2+JyA2KRNDYaYrPB0Rpk2oQ=="
    },
    "node_modules/lodash": {
      "version": "4.17.21",
      "resolved": "https://registry.npmjs.org/lodash/-/lodash-4.17.21.tgz",
      "integrity": "sha512-v2kDEe57lecTulaDIuNTPy3Ry4gLGJ6Z1O3vE1krgXZNrsQ+LFTGHVxVjcXPs17LhbZVGedAJv8XZ1tvj5FvSg=="
    },
    "node_modules/typescript": {
      "version": "4.7.3",
      "resolved": "https://registry.npmjs.org/typescript/-/typescript-4.7.3.tgz",
      "integrity": "sha512-WOkT3XYvrpXx4vMMqlD+8R8R37fZkjyLGlxavMc4iB8lrl8L0DeTcHbYgw/v0N/z9wAFsgBhcsF0ruoySS22mA==",
      "bin": {
        "tsc": "bin/tsc",
        "tsserver": "bin/tsserver"
      },
      "engines": {
        "node": ">=4.2.0"
      }
    }
  },
  "dependencies": {
    "@automapper/core": {
      "version": "8.3.7",
      "resolved": "https://registry.npmjs.org/@automapper/core/-/core-8.3.7.tgz",
      "integrity": "sha512-JDlRBjGZn4elRYrzYHaycNeM2I6dL129ZSKrCJz5xS863wbAKf6TEyTdfSI0bAr3/7wqztpauAKaJH0hZ/ESOQ=="
    },
    "@automapper/pojos": {
      "version": "8.3.7",
      "resolved": "https://registry.npmjs.org/@automapper/pojos/-/pojos-8.3.7.tgz",
      "integrity": "sha512-REJeB1Ovm1Fpj2Kf0eodehkOIfA4OpQWSM4EdSieshAx4sbpJOPr5EpyeTM6upGkcJ98N82D/AWAMi3jYSGu4g=="
    },
    "@types/lodash": {
      "version": "4.14.182",
      "resolved": "https://registry.npmjs.org/@types/lodash/-/lodash-4.14.182.tgz",
      "integrity": "sha512-/THyiqyQAP9AfARo4pF+aCGcyiQ94tX/Is2I7HofNRqoYLgN1PBoOWu2/zTA5zMxzP5EFutMtWtGAFRKUe961Q=="
    },
    "@types/node": {
      "version": "17.0.42",
      "resolved": "https://registry.npmjs.org/@types/node/-/node-17.0.42.tgz",
      "integrity": "sha512-Q5BPGyGKcvQgAMbsr7qEGN/kIPN6zZecYYABeTDBizOsau+2NMdSVTar9UQw21A2+JyA2KRNDYaYrPB0Rpk2oQ=="
    },
    "lodash": {
      "version": "4.17.21",
      "resolved": "https://registry.npmjs.org/lodash/-/lodash-4.17.21.tgz",
      "integrity": "sha512-v2kDEe57lecTulaDIuNTPy3Ry4gLGJ6Z1O3vE1krgXZNrsQ+LFTGHVxVjcXPs17LhbZVGedAJv8XZ1tvj5FvSg=="
    },
    "typescript": {
      "version": "4.7.3",
      "resolved": "https://registry.npmjs.org/typescript/-/typescript-4.7.3.tgz",
      "integrity": "sha512-WOkT3XYvrpXx4vMMqlD+8R8R37fZkjyLGlxavMc4iB8lrl8L0DeTcHbYgw/v0N/z9wAFsgBhcsF0ruoySS22mA=="
    }
  }
}
